// !$*UTF8*$!
{
	archiveVersion = 1;
	classes = {
	};
	objectVersion = 48;
	objects = {

/* Begin PBXBuildFile section */
		4960B8F72024ABF4009A1220 /* Service.swift in Sources */ = {isa = PBXBuildFile; fileRef = 4960B8F62024ABF4009A1220 /* Service.swift */; };
		49B5AF7620249C8E00CE4EE5 /* FirstViewController.swift in Sources */ = {isa = PBXBuildFile; fileRef = 49B5AF7520249C8E00CE4EE5 /* FirstViewController.swift */; };
		49F0497A20244B1C001CB0EA /* AppDelegate.swift in Sources */ = {isa = PBXBuildFile; fileRef = 49F0497920244B1C001CB0EA /* AppDelegate.swift */; };
		49F0497C20244B1C001CB0EA /* ViewController.swift in Sources */ = {isa = PBXBuildFile; fileRef = 49F0497B20244B1C001CB0EA /* ViewController.swift */; };
		49F0497F20244B1C001CB0EA /* Main.storyboard in Resources */ = {isa = PBXBuildFile; fileRef = 49F0497D20244B1C001CB0EA /* Main.storyboard */; };
		49F0498120244B1C001CB0EA /* Assets.xcassets in Resources */ = {isa = PBXBuildFile; fileRef = 49F0498020244B1C001CB0EA /* Assets.xcassets */; };
		49F0498420244B1C001CB0EA /* LaunchScreen.storyboard in Resources */ = {isa = PBXBuildFile; fileRef = 49F0498220244B1C001CB0EA /* LaunchScreen.storyboard */; };
		49F0498C20244DF7001CB0EA /* Utils.swift in Sources */ = {isa = PBXBuildFile; fileRef = 49F0498B20244DF7001CB0EA /* Utils.swift */; };
/* End PBXBuildFile section */

/* Begin PBXFileReference section */
		4960B8F62024ABF4009A1220 /* Service.swift */ = {isa = PBXFileReference; lastKnownFileType = sourcecode.swift; path = Service.swift; sourceTree = "<group>"; };
		49B5AF7520249C8E00CE4EE5 /* FirstViewController.swift */ = {isa = PBXFileReference; lastKnownFileType = sourcecode.swift; path = FirstViewController.swift; sourceTree = "<group>"; };
		49F0497620244B1C001CB0EA /* prueba_gorras.app */ = {isa = PBXFileReference; explicitFileType = wrapper.application; includeInIndex = 0; path = prueba_gorras.app; sourceTree = BUILT_PRODUCTS_DIR; };
		49F0497920244B1C001CB0EA /* AppDelegate.swift */ = {isa = PBXFileReference; lastKnownFileType = sourcecode.swift; path = AppDelegate.swift; sourceTree = "<group>"; };
		49F0497B20244B1C001CB0EA /* ViewController.swift */ = {isa = PBXFileReference; lastKnownFileType = sourcecode.swift; path = ViewController.swift; sourceTree = "<group>"; };
		49F0497E20244B1C001CB0EA /* Base */ = {isa = PBXFileReference; lastKnownFileType = file.storyboard; name = Base; path = Base.lproj/Main.storyboard; sourceTree = "<group>"; };
		49F0498020244B1C001CB0EA /* Assets.xcassets */ = {isa = PBXFileReference; lastKnownFileType = folder.assetcatalog; path = Assets.xcassets; sourceTree = "<group>"; };
		49F0498320244B1C001CB0EA /* Base */ = {isa = PBXFileReference; lastKnownFileType = file.storyboard; name = Base; path = Base.lproj/LaunchScreen.storyboard; sourceTree = "<group>"; };
		49F0498520244B1C001CB0EA /* Info.plist */ = {isa = PBXFileReference; lastKnownFileType = text.plist.xml; path = Info.plist; sourceTree = "<group>"; };
		49F0498B20244DF7001CB0EA /* Utils.swift */ = {isa = PBXFileReference; lastKnownFileType = sourcecode.swift; path = Utils.swift; sourceTree = "<group>"; };
/* End PBXFileReference section */

/* Begin PBXFrameworksBuildPhase section */
		49F0497320244B1C001CB0EA /* Frameworks */ = {
			isa = PBXFrameworksBuildPhase;
			buildActionMask = 2147483647;
			files = (
			);
			runOnlyForDeploymentPostprocessing = 0;
		};
/* End PBXFrameworksBuildPhase section */

/* Begin PBXGroup section */
		49F0496D20244B1C001CB0EA = {
			isa = PBXGroup;
			children = (
				49F0497820244B1C001CB0EA /* prueba_gorras */,
				49F0497720244B1C001CB0EA /* Products */,
			);
			sourceTree = "<group>";
		};
		49F0497720244B1C001CB0EA /* Products */ = {
			isa = PBXGroup;
			children = (
				49F0497620244B1C001CB0EA /* prueba_gorras.app */,
			);
			name = Products;
			sourceTree = "<group>";
		};
		49F0497820244B1C001CB0EA /* prueba_gorras */ = {
			isa = PBXGroup;
			children = (
				49F0497920244B1C001CB0EA /* AppDelegate.swift */,
				49F0497B20244B1C001CB0EA /* ViewController.swift */,
				49B5AF7520249C8E00CE4EE5 /* FirstViewController.swift */,
				4960B8F62024ABF4009A1220 /* Service.swift */,
				49F0497D20244B1C001CB0EA /* Main.storyboard */,
				49F0498020244B1C001CB0EA /* Assets.xcassets */,
				49F0498220244B1C001CB0EA /* LaunchScreen.storyboard */,
				49F0498520244B1C001CB0EA /* Info.plist */,
				49F0498B20244DF7001CB0EA /* Utils.swift */,
			);
			path = prueba_gorras;
			sourceTree = "<group>";
		};
/* End PBXGroup section */

/* Begin PBXNativeTarget section */
		49F0497520244B1C001CB0EA /* prueba_gorras */ = {
			isa = PBXNativeTarget;
			buildConfigurationList = 49F0498820244B1C001CB0EA /* Build configuration list for PBXNativeTarget "prueba_gorras" */;
			buildPhases = (
				49F0497220244B1C001CB0EA /* Sources */,
				49F0497320244B1C001CB0EA /* Frameworks */,
				49F0497420244B1C001CB0EA /* Resources */,
			);
			buildRules = (
			);
			dependencies = (
			);
			name = prueba_gorras;
			productName = prueba_gorras;
			productReference = 49F0497620244B1C001CB0EA /* prueba_gorras.app */;
			productType = "com.apple.product-type.application";
		};
/* End PBXNativeTarget section */

/* Begin PBXProject section */
		49F0496E20244B1C001CB0EA /* Project object */ = {
			isa = PBXProject;
			attributes = {
				LastSwiftUpdateCheck = 0920;
				LastUpgradeCheck = 0920;
				ORGANIZATIONNAME = "Miguel Mexicano";
				TargetAttributes = {
					49F0497520244B1C001CB0EA = {
						CreatedOnToolsVersion = 9.2;
						ProvisioningStyle = Automatic;
					};
				};
			};
			buildConfigurationList = 49F0497120244B1C001CB0EA /* Build configuration list for PBXProject "prueba_gorras" */;
			compatibilityVersion = "Xcode 8.0";
			developmentRegion = en;
			hasScannedForEncodings = 0;
			knownRegions = (
				en,
				Base,
			);
			mainGroup = 49F0496D20244B1C001CB0EA;
			productRefGroup = 49F0497720244B1C001CB0EA /* Products */;
			projectDirPath = "";
			projectRoot = "";
			targets = (
				49F0497520244B1C001CB0EA /* prueba_gorras */,
			);
		};
/* End PBXProject section */

/* Begin PBXResourcesBuildPhase section */
		49F0497420244B1C001CB0EA /* Resources */ = {
			isa = PBXResourcesBuildPhase;
			buildActionMask = 2147483647;
			files = (
				49F0498420244B1C001CB0EA /* LaunchScreen.storyboard in Resources */,
				49F0498120244B1C001CB0EA /* Assets.xcassets in Resources */,
				49F0497F20244B1C001CB0EA /* Main.storyboard in Resources */,
			);
			runOnlyForDeploymentPostprocessing = 0;
		};
/* End PBXResourcesBuildPhase section */

/* Begin PBXSourcesBuildPhase section */
		49F0497220244B1C001CB0EA /* Sources */ = {
			isa = PBXSourcesBuildPhase;
			buildActionMask = 2147483647;
			files = (
				49F0497C20244B1C001CB0EA /* ViewController.swift in Sources */,
				49F0497A20244B1C001CB0EA /* AppDelegate.swift in Sources */,
				4960B8F72024ABF4009A1220 /* Service.swift in Sources */,
				49F0498C20244DF7001CB0EA /* Utils.swift in Sources */,
				49B5AF7620249C8E00CE4EE5 /* FirstViewController.swift in Sources */,
			);
			runOnlyForDeploymentPostprocessing = 0;
		};
/* End PBXSourcesBuildPhase section */

/* Begin PBXVariantGroup section */
		49F0497D20244B1C001CB0EA /* Main.storyboard */ = {
			isa = PBXVariantGroup;
			children = (
				49F0497E20244B1C001CB0EA /* Base */,
			);
			name = Main.storyboard;
			sourceTree = "<group>";
		};
		49F0498220244B1C001CB0EA /* LaunchScreen.storyboard */ = {
			isa = PBXVariantGroup;
			children = (
				49F0498320244B1C001CB0EA /* Base */,
			);
			name = LaunchScreen.storyboard;
			sourceTree = "<group>";
		};
/* End PBXVariantGroup section */

/* Begin XCBuildConfiguration section */
		49F0498620244B1C001CB0EA /* Debug */ = {
			isa = XCBuildConfiguration;
			buildSettings = {
				ALWAYS_SEARCH_USER_PATHS = NO;
				CLANG_ANALYZER_NONNULL = YES;
				CLANG_ANALYZER_NUMBER_OBJECT_CONVERSION = YES_AGGRESSIVE;
				CLANG_CXX_LANGUAGE_STANDARD = "gnu++14";
				CLANG_CXX_LIBRARY = "libc++";
				CLANG_ENABLE_MODULES = YES;
				CLANG_ENABLE_OBJC_ARC = YES;
				CLANG_WARN_BLOCK_CAPTURE_AUTORELEASING = YES;
				CLANG_WARN_BOOL_CONVERSION = YES;
				CLANG_WARN_COMMA = YES;
				CLANG_WARN_CONSTANT_CONVERSION = YES;
				CLANG_WARN_DIRECT_OBJC_ISA_USAGE = YES_ERROR;
				CLANG_WARN_DOCUMENTATION_COMMENTS = YES;
				CLANG_WARN_EMPTY_BODY = YES;
				CLANG_WARN_ENUM_CONVERSION = YES;
				CLANG_WARN_INFINITE_RECURSION = YES;
				CLANG_WARN_INT_CONVERSION = YES;
				CLANG_WARN_NON_LITERAL_NULL_CONVERSION = YES;
				CLANG_WARN_OBJC_LITERAL_CONVERSION = YES;
				CLANG_WARN_OBJC_ROOT_CLASS = YES_ERROR;
				CLANG_WARN_RANGE_LOOP_ANALYSIS = YES;
				CLANG_WARN_STRICT_PROTOTYPES = YES;
				CLANG_WARN_SUSPICIOUS_MOVE = YES;
				CLANG_WARN_UNGUARDED_AVAILABILITY = YES_AGGRESSIVE;
				CLANG_WARN_UNREACHABLE_CODE = YES;
				CLANG_WARN__DUPLICATE_METHOD_MATCH = YES;
				CODE_SIGN_IDENTITY = "iPhone Developer";
				COPY_PHASE_STRIP = NO;
				DEBUG_INFORMATION_FORMAT = dwarf;
				ENABLE_STRICT_OBJC_MSGSEND = YES;
				ENABLE_TESTABILITY = YES;
				GCC_C_LANGUAGE_STANDARD = gnu11;
				GCC_DYNAMIC_NO_PIC = NO;
				GCC_NO_COMMON_BLOCKS = YES;
				GCC_OPTIMIZATION_LEVEL = 0;
				GCC_PREPROCESSOR_DEFINITIONS = (
					"DEBUG=1",
					"$(inherited)",
				);
				GCC_WARN_64_TO_32_BIT_CONVERSION = YES;
				GCC_WARN_ABOUT_RETURN_TYPE = YES_ERROR;
				GCC_WARN_UNDECLARED_SELECTOR = YES;
				GCC_WARN_UNINITIALIZED_AUTOS = YES_AGGRESSIVE;
				GCC_WARN_UNUSED_FUNCTION = YES;
				GCC_WARN_UNUSED_VARIABLE = YES;
				IPHONEOS_DEPLOYMENT_TARGET = 11.2;
				MTL_ENABLE_DEBUG_INFO = YES;
				ONLY_ACTIVE_ARCH = YES;
				SDKROOT = iphoneos;
				SWIFT_ACTIVE_COMPILATION_CONDITIONS = DEBUG;
				SWIFT_OPTIMIZATION_LEVEL = "-Onone";
			};
			name = Debug;
		};
		49F0498720244B1C001CB0EA /* Release */ = {
			isa = XCBuildConfiguration;
			buildSettings = {
				ALWAYS_SEARCH_USER_PATHS = NO;
				CLANG_ANALYZER_NONNULL = YES;
				CLANG_ANALYZER_NUMBER_OBJECT_CONVERSION = YES_AGGRESSIVE;
				CLANG_CXX_LANGUAGE_STANDARD = "gnu++14";
				CLANG_CXX_LIBRARY = "libc++";
				CLANG_ENABLE_MODULES = YES;
				CLANG_ENABLE_OBJC_ARC = YES;
				CLANG_WARN_BLOCK_CAPTURE_AUTORELEASING = YES;
				CLANG_WARN_BOOL_CONVERSION = YES;
				CLANG_WARN_COMMA = YES;
				CLANG_WARN_CONSTANT_CONVERSION = YES;
				CLANG_WARN_DIRECT_OBJC_ISA_USAGE = YES_ERROR;
				CLANG_WARN_DOCUMENTATION_COMMENTS = YES;
				CLANG_WARN_EMPTY_BODY = YES;
				CLANG_WARN_ENUM_CONVERSION = YES;
				CLANG_WARN_INFINITE_RECURSION = YES;
				CLANG_WARN_INT_CONVERSION = YES;
				CLANG_WARN_NON_LITERAL_NULL_CONVERSION = YES;
				CLANG_WARN_OBJC_LITERAL_CONVERSION = YES;
				CLANG_WARN_OBJC_ROOT_CLASS = YES_ERROR;
				CLANG_WARN_RANGE_LOOP_ANALYSIS = YES;
				CLANG_WARN_STRICT_PROTOTYPES = YES;
				CLANG_WARN_SUSPICIOUS_MOVE = YES;
				CLANG_WARN_UNGUARDED_AVAILABILITY = YES_AGGRESSIVE;
				CLANG_WARN_UNREACHABLE_CODE = YES;
				CLANG_WARN__DUPLICATE_METHOD_MATCH = YES;
				CODE_SIGN_IDENTITY = "iPhone Developer";
				COPY_PHASE_STRIP = NO;
				DEBUG_INFORMATION_FORMAT = "dwarf-with-dsym";
				ENABLE_NS_ASSERTIONS = NO;
				ENABLE_STRICT_OBJC_MSGSEND = YES;
				GCC_C_LANGUAGE_STANDARD = gnu11;
				GCC_NO_COMMON_BLOCKS = YES;
				GCC_WARN_64_TO_32_BIT_CONVERSION = YES;
				GCC_WARN_ABOUT_RETURN_TYPE = YES_ERROR;
				GCC_WARN_UNDECLARED_SELECTOR = YES;
				GCC_WARN_UNINITIALIZED_AUTOS = YES_AGGRESSIVE;
				GCC_WARN_UNUSED_FUNCTION = YES;
				GCC_WARN_UNUSED_VARIABLE = YES;
				IPHONEOS_DEPLOYMENT_TARGET = 11.2;
				MTL_ENABLE_DEBUG_INFO = NO;
				SDKROOT = iphoneos;
				SWIFT_OPTIMIZATION_LEVEL = "-Owholemodule";
				VALIDATE_PRODUCT = YES;
			};
			name = Release;
		};
		49F0498920244B1C001CB0EA /* Debug */ = {
			isa = XCBuildConfiguration;
			buildSettings = {
				ASSETCATALOG_COMPILER_APPICON_NAME = AppIcon;
				CODE_SIGN_STYLE = Automatic;
				DEVELOPMENT_TEAM = MC2W678MVZ;
				INFOPLIST_FILE = prueba_gorras/Info.plist;
				LD_RUNPATH_SEARCH_PATHS = "$(inherited) @executable_path/Frameworks";
				PRODUCT_BUNDLE_IDENTIFIER = "mx.com.nut.prueba-gorras";
				PRODUCT_NAME = "$(TARGET_NAME)";
				SWIFT_VERSION = 4.0;
				TARGETED_DEVICE_FAMILY = "1,2";
			};
			name = Debug;
		};
		49F0498A20244B1C001CB0EA /* Release */ = {
			isa = XCBuildConfiguration;
			buildSettings = {
				ASSETCATALOG_COMPILER_APPICON_NAME = AppIcon;
				CODE_SIGN_STYLE = Automatic;
				DEVELOPMENT_TEAM = MC2W678MVZ;
				INFOPLIST_FILE = prueba_gorras/Info.plist;
				LD_RUNPATH_SEARCH_PATHS = "$(inherited) @executable_path/Frameworks";
				PRODUCT_BUNDLE_IDENTIFIER = "mx.com.nut.prueba-gorras";
				PRODUCT_NAME = "$(TARGET_NAME)";
				SWIFT_VERSION = 4.0;
				TARGETED_DEVICE_FAMILY = "1,2";
			};
			name = Release;
		};
/* End XCBuildConfiguration section */

/* Begin XCConfigurationList section */
		49F0497120244B1C001CB0EA /* Build configuration list for PBXProject "prueba_gorras" */ = {
			isa = XCConfigurationList;
			buildConfigurations = (
				49F0498620244B1C001CB0EA /* Debug */,
				49F0498720244B1C001CB0EA /* Release */,
			);
			defaultConfigurationIsVisible = 0;
			defaultConfigurationName = Release;
		};
		49F0498820244B1C001CB0EA /* Build configuration list for PBXNativeTarget "prueba_gorras" */ = {
			isa = XCConfigurationList;
			buildConfigurations = (
				49F0498920244B1C001CB0EA /* Debug */,
				49F0498A20244B1C001CB0EA /* Release */,
			);
			defaultConfigurationIsVisible = 0;
			defaultConfigurationName = Release;
		};
/* End XCConfigurationList section */
	};
	rootObject = 49F0496E20244B1C001CB0EA /* Project object */;
}
